
Microsoft Visual Studio Solution File, Format Version 12.00
# Visual Studio 14
VisualStudioVersion = 14.0.25420.1
MinimumVisualStudioVersion = 10.0.40219.1
Project("{FAE04EC0-301F-11D3-BF4B-00C04F79EFBC}") = "vidly", "vidly\vidly.csproj", "{B45A3F07-B3C6-47E2-8351-6BBB2E1CB2CF}"
EndProject
Global
	GlobalSection(SolutionConfigurationPlatforms) = preSolution
		Debug|Any CPU = Debug|Any CPU
		Release|Any CPU = Release|Any CPU
	EndGlobalSection
	GlobalSection(ProjectConfigurationPlatforms) = postSolution
		{B45A3F07-B3C6-47E2-8351-6BBB2E1CB2CF}.Debug|Any CPU.ActiveCfg = Debug|Any CPU
		{B45A3F07-B3C6-47E2-8351-6BBB2E1CB2CF}.Debug|Any CPU.Build.0 = Debug|Any CPU
		{B45A3F07-B3C6-47E2-8351-6BBB2E1CB2CF}.Release|Any CPU.ActiveCfg = Release|Any CPU
		{B45A3F07-B3C6-47E2-8351-6BBB2E1CB2CF}.Release|Any CPU.Build.0 = Release|Any CPU
	EndGlobalSection
	GlobalSection(SolutionProperties) = preSolution
		HideSolutionNode = FALSE
	EndGlobalSection
EndGlobal
